
Microsoft Visual Studio Solution File, Format Version 12.00
# Visual Studio Version 17
VisualStudioVersion = 17.3.32811.315
MinimumVisualStudioVersion = 10.0.40219.1
Project("{9A19103F-16F7-4668-BE54-9A1E7A4F7556}") = "DesAPP2023", "DesAPP2023\DesAPP2023.csproj", "{CA75A64F-9D37-42B8-A8E5-8F49B33F5EB6}"
EndProject
Project("{FAE04EC0-301F-11D3-BF4B-00C04F79EFBC}") = "Unidad_1", "Unidad_1\Unidad_1.csproj", "{5F443C09-09D3-428C-87DA-7B193B904EB9}"
EndProject
Project("{FAE04EC0-301F-11D3-BF4B-00C04F79EFBC}") = "DesAppMVC", "DesAppMVC\DesAppMVC.csproj", "{97F2BF94-BCF1-4F9A-BF9C-E6FB35DD9FFB}"
EndProject
Global
	GlobalSection(SolutionConfigurationPlatforms) = preSolution
		Debug|Any CPU = Debug|Any CPU
		Release|Any CPU = Release|Any CPU
	EndGlobalSection
	GlobalSection(ProjectConfigurationPlatforms) = postSolution
		{CA75A64F-9D37-42B8-A8E5-8F49B33F5EB6}.Debug|Any CPU.ActiveCfg = Debug|Any CPU
		{CA75A64F-9D37-42B8-A8E5-8F49B33F5EB6}.Debug|Any CPU.Build.0 = Debug|Any CPU
		{CA75A64F-9D37-42B8-A8E5-8F49B33F5EB6}.Release|Any CPU.ActiveCfg = Release|Any CPU
		{CA75A64F-9D37-42B8-A8E5-8F49B33F5EB6}.Release|Any CPU.Build.0 = Release|Any CPU
		{5F443C09-09D3-428C-87DA-7B193B904EB9}.Debug|Any CPU.ActiveCfg = Debug|Any CPU
		{5F443C09-09D3-428C-87DA-7B193B904EB9}.Debug|Any CPU.Build.0 = Debug|Any CPU
		{5F443C09-09D3-428C-87DA-7B193B904EB9}.Release|Any CPU.ActiveCfg = Release|Any CPU
		{5F443C09-09D3-428C-87DA-7B193B904EB9}.Release|Any CPU.Build.0 = Release|Any CPU
		{97F2BF94-BCF1-4F9A-BF9C-E6FB35DD9FFB}.Debug|Any CPU.ActiveCfg = Debug|Any CPU
		{97F2BF94-BCF1-4F9A-BF9C-E6FB35DD9FFB}.Debug|Any CPU.Build.0 = Debug|Any CPU
		{97F2BF94-BCF1-4F9A-BF9C-E6FB35DD9FFB}.Release|Any CPU.ActiveCfg = Release|Any CPU
		{97F2BF94-BCF1-4F9A-BF9C-E6FB35DD9FFB}.Release|Any CPU.Build.0 = Release|Any CPU
	EndGlobalSection
	GlobalSection(SolutionProperties) = preSolution
		HideSolutionNode = FALSE
	EndGlobalSection
	GlobalSection(ExtensibilityGlobals) = postSolution
		SolutionGuid = {B68FEDFA-2A34-496C-AF5C-3E8169012775}
	EndGlobalSection
EndGlobal
